# THIS IS AN AUTOGENERATED FILE. DO NOT EDIT THIS FILE DIRECTLY.
# yarn lockfile v1


"@types/node@12":
  version "12.20.21"
  resolved "https://registry.yarnpkg.com/@types/node/-/node-12.20.21.tgz#575e91f59c2e79318c2d39a48286c6954e484fd5"
  integrity sha512-Qk7rOvV2A4vNgXNS88vEvbJE1NDFPCQ8AU+pNElrU2bA4yrRDef3fg3SUe+xkwyin3Bpg/Xh5JkNWTlsOcS2tA==

node-fetch@^2.6.1:
  version "2.6.1"
  resolved "https://registry.yarnpkg.com/node-fetch/-/node-fetch-2.6.1.tgz#045bd323631f76ed2e2b55573394416b639a0052"
  integrity sha512-V4aYg89jEoVRxRb2fJdAg8FHvI7cEyYdVAh94HH0UIK8oJxUfkjlDQN9RbMx+bEjP7+ggMiFRprSti032Oipxw==

ws@^8.2.1:
  version "8.2.1"
  resolved "https://registry.yarnpkg.com/ws/-/ws-8.2.1.tgz#bdd92b3c56fdb47d2379b5ae534281922cc5bd12"
  integrity sha512-XkgWpJU3sHU7gX8f13NqTn6KQ85bd1WU7noBHTT8fSohx7OS1TPY8k+cyRPCzFkia7C4mM229yeHr1qK9sM4JQ==
